
Microsoft Visual Studio Solution File, Format Version 12.00
# Visual Studio Version 16
VisualStudioVersion = 16.0.31729.503
MinimumVisualStudioVersion = 10.0.40219.1
Project("{FAE04EC0-301F-11D3-BF4B-00C04F79EFBC}") = "Pusok_Beata_Lab8", "Pusok_Beata_Lab8.csproj", "{4108D35A-0183-4F81-9964-B0DB18F78545}"
EndProject
Global
	GlobalSection(SolutionConfigurationPlatforms) = preSolution
		Debug|Any CPU = Debug|Any CPU
		Release|Any CPU = Release|Any CPU
	EndGlobalSection
	GlobalSection(ProjectConfigurationPlatforms) = postSolution
		{4108D35A-0183-4F81-9964-B0DB18F78545}.Debug|Any CPU.ActiveCfg = Debug|Any CPU
		{4108D35A-0183-4F81-9964-B0DB18F78545}.Debug|Any CPU.Build.0 = Debug|Any CPU
		{4108D35A-0183-4F81-9964-B0DB18F78545}.Release|Any CPU.ActiveCfg = Release|Any CPU
		{4108D35A-0183-4F81-9964-B0DB18F78545}.Release|Any CPU.Build.0 = Release|Any CPU
	EndGlobalSection
	GlobalSection(SolutionProperties) = preSolution
		HideSolutionNode = FALSE
	EndGlobalSection
	GlobalSection(ExtensibilityGlobals) = postSolution
		SolutionGuid = {B699450A-6AEA-47DA-A3AC-B7D8ADAC507F}
	EndGlobalSection
EndGlobal
